
Microsoft Visual Studio Solution File, Format Version 12.00
# Visual Studio Version 17
VisualStudioVersion = 17.10.34928.147
MinimumVisualStudioVersion = 10.0.40219.1
Project("{9A19103F-16F7-4668-BE54-9A1E7A4F7556}") = "ECommerce.Api", "ECommerce.Api\ECommerce.Api.csproj", "{1DF84D7E-1489-4ED3-A79A-14BEA12ED99B}"
EndProject
Project("{9A19103F-16F7-4668-BE54-9A1E7A4F7556}") = "ECommerce.Core", "ECommerce.Core\ECommerce.Core.csproj", "{D1A07F03-7D36-46D4-962B-3B4981A247C0}"
EndProject
Project("{9A19103F-16F7-4668-BE54-9A1E7A4F7556}") = "ECommerce.Repository", "ECommerce.Repository\ECommerce.Repository.csproj", "{35223C79-6274-4D4E-96AB-6E6B9FD9A3FC}"
EndProject
Project("{9A19103F-16F7-4668-BE54-9A1E7A4F7556}") = "ECommerce.Service", "ECommerce.Service\ECommerce.Service.csproj", "{27A96FA2-8000-4D81-944C-25FF98EC37CD}"
EndProject
Project("{FAE04EC0-301F-11D3-BF4B-00C04F79EFBC}") = "AdminDashboard", "AdminDashboard\AdminDashboard.csproj", "{CCBE4965-CD66-490E-A07A-5287571B5093}"
EndProject
Global
	GlobalSection(SolutionConfigurationPlatforms) = preSolution
		Debug|Any CPU = Debug|Any CPU
		Release|Any CPU = Release|Any CPU
	EndGlobalSection
	GlobalSection(ProjectConfigurationPlatforms) = postSolution
		{1DF84D7E-1489-4ED3-A79A-14BEA12ED99B}.Debug|Any CPU.ActiveCfg = Debug|Any CPU
		{1DF84D7E-1489-4ED3-A79A-14BEA12ED99B}.Debug|Any CPU.Build.0 = Debug|Any CPU
		{1DF84D7E-1489-4ED3-A79A-14BEA12ED99B}.Release|Any CPU.ActiveCfg = Release|Any CPU
		{1DF84D7E-1489-4ED3-A79A-14BEA12ED99B}.Release|Any CPU.Build.0 = Release|Any CPU
		{D1A07F03-7D36-46D4-962B-3B4981A247C0}.Debug|Any CPU.ActiveCfg = Debug|Any CPU
		{D1A07F03-7D36-46D4-962B-3B4981A247C0}.Debug|Any CPU.Build.0 = Debug|Any CPU
		{D1A07F03-7D36-46D4-962B-3B4981A247C0}.Release|Any CPU.ActiveCfg = Release|Any CPU
		{D1A07F03-7D36-46D4-962B-3B4981A247C0}.Release|Any CPU.Build.0 = Release|Any CPU
		{35223C79-6274-4D4E-96AB-6E6B9FD9A3FC}.Debug|Any CPU.ActiveCfg = Debug|Any CPU
		{35223C79-6274-4D4E-96AB-6E6B9FD9A3FC}.Debug|Any CPU.Build.0 = Debug|Any CPU
		{35223C79-6274-4D4E-96AB-6E6B9FD9A3FC}.Release|Any CPU.ActiveCfg = Release|Any CPU
		{35223C79-6274-4D4E-96AB-6E6B9FD9A3FC}.Release|Any CPU.Build.0 = Release|Any CPU
		{27A96FA2-8000-4D81-944C-25FF98EC37CD}.Debug|Any CPU.ActiveCfg = Debug|Any CPU
		{27A96FA2-8000-4D81-944C-25FF98EC37CD}.Debug|Any CPU.Build.0 = Debug|Any CPU
		{27A96FA2-8000-4D81-944C-25FF98EC37CD}.Release|Any CPU.ActiveCfg = Release|Any CPU
		{27A96FA2-8000-4D81-944C-25FF98EC37CD}.Release|Any CPU.Build.0 = Release|Any CPU
		{CCBE4965-CD66-490E-A07A-5287571B5093}.Debug|Any CPU.ActiveCfg = Debug|Any CPU
		{CCBE4965-CD66-490E-A07A-5287571B5093}.Debug|Any CPU.Build.0 = Debug|Any CPU
		{CCBE4965-CD66-490E-A07A-5287571B5093}.Release|Any CPU.ActiveCfg = Release|Any CPU
		{CCBE4965-CD66-490E-A07A-5287571B5093}.Release|Any CPU.Build.0 = Release|Any CPU
	EndGlobalSection
	GlobalSection(SolutionProperties) = preSolution
		HideSolutionNode = FALSE
	EndGlobalSection
	GlobalSection(ExtensibilityGlobals) = postSolution
		SolutionGuid = {C8DB1DAE-7625-4084-B57E-FF58B846F6D9}
	EndGlobalSection
EndGlobal
